{
  "lockfileVersion": 1,
  "configVersion": 1,
  "workspaces": {
    "": {
      "name": "glyphs-3d-visualizer",
      "dependencies": {
        "opentype.js": "^1.3.4",
      },
    },
  },
  "packages": {
    "opentype.js": ["opentype.js@1.3.5", "", { "bin": { "ot": "bin/ot" } }, "sha512-thKDiELidAApOvXlncrpwDZKJCa9fXLEKM4+FoEWI+qTLDeNb+h7EkN+8a7KQODsB1GZ+Exz9KknkoPrEdXZDw=="],
  }
}
